
Microsoft Visual Studio Solution File, Format Version 12.00
# Visual Studio 15
VisualStudioVersion = 15.0.27130.2027
MinimumVisualStudioVersion = 10.0.40219.1
Project("{FAE04EC0-301F-11D3-BF4B-00C04F79EFBC}") = "Task4", "Task4\Task4.csproj", "{AD29D84D-BA10-4EAC-9A67-14FD0E3A392B}"
EndProject
Project("{FAE04EC0-301F-11D3-BF4B-00C04F79EFBC}") = "Task3", "Task3\Task3.csproj", "{F2D88D58-4E2F-43BC-9B15-BFA9254D152B}"
EndProject
Project("{FAE04EC0-301F-11D3-BF4B-00C04F79EFBC}") = "Task2", "Task2\Task2.csproj", "{245D68BE-8545-475A-8D3C-1FC72F9B6360}"
EndProject
Project("{FAE04EC0-301F-11D3-BF4B-00C04F79EFBC}") = "Task1", "Task1\Task1.csproj", "{75240E9E-4153-4628-95EE-50978F4BA378}"
EndProject
Project("{FAE04EC0-301F-11D3-BF4B-00C04F79EFBC}") = "Task5", "Task5\Task5.csproj", "{493673E8-169D-42DB-9BCB-014C0B697F14}"
EndProject
Project("{FAE04EC0-301F-11D3-BF4B-00C04F79EFBC}") = "Task6", "Task6\Task6.csproj", "{454F1C85-1B3C-48C9-8131-943F5F6D2B79}"
EndProject
Project("{FAE04EC0-301F-11D3-BF4B-00C04F79EFBC}") = "Task7", "Task7\Task7.csproj", "{AA8BA4CF-5AEF-48B7-A93C-A188E246A56C}"
EndProject
Global
	GlobalSection(SolutionConfigurationPlatforms) = preSolution
		Debug|Any CPU = Debug|Any CPU
		Release|Any CPU = Release|Any CPU
	EndGlobalSection
	GlobalSection(ProjectConfigurationPlatforms) = postSolution
		{AD29D84D-BA10-4EAC-9A67-14FD0E3A392B}.Debug|Any CPU.ActiveCfg = Debug|Any CPU
		{AD29D84D-BA10-4EAC-9A67-14FD0E3A392B}.Debug|Any CPU.Build.0 = Debug|Any CPU
		{AD29D84D-BA10-4EAC-9A67-14FD0E3A392B}.Release|Any CPU.ActiveCfg = Release|Any CPU
		{AD29D84D-BA10-4EAC-9A67-14FD0E3A392B}.Release|Any CPU.Build.0 = Release|Any CPU
		{F2D88D58-4E2F-43BC-9B15-BFA9254D152B}.Debug|Any CPU.ActiveCfg = Debug|Any CPU
		{F2D88D58-4E2F-43BC-9B15-BFA9254D152B}.Debug|Any CPU.Build.0 = Debug|Any CPU
		{F2D88D58-4E2F-43BC-9B15-BFA9254D152B}.Release|Any CPU.ActiveCfg = Release|Any CPU
		{F2D88D58-4E2F-43BC-9B15-BFA9254D152B}.Release|Any CPU.Build.0 = Release|Any CPU
		{245D68BE-8545-475A-8D3C-1FC72F9B6360}.Debug|Any CPU.ActiveCfg = Debug|Any CPU
		{245D68BE-8545-475A-8D3C-1FC72F9B6360}.Debug|Any CPU.Build.0 = Debug|Any CPU
		{245D68BE-8545-475A-8D3C-1FC72F9B6360}.Release|Any CPU.ActiveCfg = Release|Any CPU
		{245D68BE-8545-475A-8D3C-1FC72F9B6360}.Release|Any CPU.Build.0 = Release|Any CPU
		{75240E9E-4153-4628-95EE-50978F4BA378}.Debug|Any CPU.ActiveCfg = Debug|Any CPU
		{75240E9E-4153-4628-95EE-50978F4BA378}.Debug|Any CPU.Build.0 = Debug|Any CPU
		{75240E9E-4153-4628-95EE-50978F4BA378}.Release|Any CPU.ActiveCfg = Release|Any CPU
		{75240E9E-4153-4628-95EE-50978F4BA378}.Release|Any CPU.Build.0 = Release|Any CPU
		{493673E8-169D-42DB-9BCB-014C0B697F14}.Debug|Any CPU.ActiveCfg = Debug|Any CPU
		{493673E8-169D-42DB-9BCB-014C0B697F14}.Debug|Any CPU.Build.0 = Debug|Any CPU
		{493673E8-169D-42DB-9BCB-014C0B697F14}.Release|Any CPU.ActiveCfg = Release|Any CPU
		{493673E8-169D-42DB-9BCB-014C0B697F14}.Release|Any CPU.Build.0 = Release|Any CPU
		{454F1C85-1B3C-48C9-8131-943F5F6D2B79}.Debug|Any CPU.ActiveCfg = Debug|Any CPU
		{454F1C85-1B3C-48C9-8131-943F5F6D2B79}.Debug|Any CPU.Build.0 = Debug|Any CPU
		{454F1C85-1B3C-48C9-8131-943F5F6D2B79}.Release|Any CPU.ActiveCfg = Release|Any CPU
		{454F1C85-1B3C-48C9-8131-943F5F6D2B79}.Release|Any CPU.Build.0 = Release|Any CPU
		{AA8BA4CF-5AEF-48B7-A93C-A188E246A56C}.Debug|Any CPU.ActiveCfg = Debug|Any CPU
		{AA8BA4CF-5AEF-48B7-A93C-A188E246A56C}.Debug|Any CPU.Build.0 = Debug|Any CPU
		{AA8BA4CF-5AEF-48B7-A93C-A188E246A56C}.Release|Any CPU.ActiveCfg = Release|Any CPU
		{AA8BA4CF-5AEF-48B7-A93C-A188E246A56C}.Release|Any CPU.Build.0 = Release|Any CPU
	EndGlobalSection
	GlobalSection(SolutionProperties) = preSolution
		HideSolutionNode = FALSE
	EndGlobalSection
	GlobalSection(ExtensibilityGlobals) = postSolution
		SolutionGuid = {00C2841C-AF9E-47A8-9D94-10106F993899}
	EndGlobalSection
EndGlobal
