
Microsoft Visual Studio Solution File, Format Version 12.00
# Visual Studio 15
VisualStudioVersion = 15.0.27130.2027
MinimumVisualStudioVersion = 10.0.40219.1
Project("{FAE04EC0-301F-11D3-BF4B-00C04F79EFBC}") = "Task1", "Task1\Task1.csproj", "{70F32CB5-C56D-445E-8975-BC191534EA02}"
EndProject
Project("{FAE04EC0-301F-11D3-BF4B-00C04F79EFBC}") = "LibraryClass", "LibraryClass\LibraryClass.csproj", "{23D3E221-4ADE-4DAE-80C9-AE1D9A549DBB}"
EndProject
Project("{FAE04EC0-301F-11D3-BF4B-00C04F79EFBC}") = "Task2", "Task2\Task2.csproj", "{08E663A1-7DFC-4EFB-A492-0291B868E225}"
EndProject
Project("{FAE04EC0-301F-11D3-BF4B-00C04F79EFBC}") = "Task3", "Task3\Task3.csproj", "{73142469-BC1D-4D84-AF36-29BD2995CFE7}"
EndProject
Global
	GlobalSection(SolutionConfigurationPlatforms) = preSolution
		Debug|Any CPU = Debug|Any CPU
		Release|Any CPU = Release|Any CPU
	EndGlobalSection
	GlobalSection(ProjectConfigurationPlatforms) = postSolution
		{70F32CB5-C56D-445E-8975-BC191534EA02}.Debug|Any CPU.ActiveCfg = Debug|Any CPU
		{70F32CB5-C56D-445E-8975-BC191534EA02}.Debug|Any CPU.Build.0 = Debug|Any CPU
		{70F32CB5-C56D-445E-8975-BC191534EA02}.Release|Any CPU.ActiveCfg = Release|Any CPU
		{70F32CB5-C56D-445E-8975-BC191534EA02}.Release|Any CPU.Build.0 = Release|Any CPU
		{23D3E221-4ADE-4DAE-80C9-AE1D9A549DBB}.Debug|Any CPU.ActiveCfg = Debug|Any CPU
		{23D3E221-4ADE-4DAE-80C9-AE1D9A549DBB}.Debug|Any CPU.Build.0 = Debug|Any CPU
		{23D3E221-4ADE-4DAE-80C9-AE1D9A549DBB}.Release|Any CPU.ActiveCfg = Release|Any CPU
		{23D3E221-4ADE-4DAE-80C9-AE1D9A549DBB}.Release|Any CPU.Build.0 = Release|Any CPU
		{08E663A1-7DFC-4EFB-A492-0291B868E225}.Debug|Any CPU.ActiveCfg = Debug|Any CPU
		{08E663A1-7DFC-4EFB-A492-0291B868E225}.Debug|Any CPU.Build.0 = Debug|Any CPU
		{08E663A1-7DFC-4EFB-A492-0291B868E225}.Release|Any CPU.ActiveCfg = Release|Any CPU
		{08E663A1-7DFC-4EFB-A492-0291B868E225}.Release|Any CPU.Build.0 = Release|Any CPU
		{73142469-BC1D-4D84-AF36-29BD2995CFE7}.Debug|Any CPU.ActiveCfg = Debug|Any CPU
		{73142469-BC1D-4D84-AF36-29BD2995CFE7}.Debug|Any CPU.Build.0 = Debug|Any CPU
		{73142469-BC1D-4D84-AF36-29BD2995CFE7}.Release|Any CPU.ActiveCfg = Release|Any CPU
		{73142469-BC1D-4D84-AF36-29BD2995CFE7}.Release|Any CPU.Build.0 = Release|Any CPU
	EndGlobalSection
	GlobalSection(SolutionProperties) = preSolution
		HideSolutionNode = FALSE
	EndGlobalSection
	GlobalSection(ExtensibilityGlobals) = postSolution
		SolutionGuid = {4BAADAC7-8761-4907-A7E8-295160826D82}
	EndGlobalSection
EndGlobal
